// !$*UTF8*$!
{
	archiveVersion = 1;
	classes = {
	};
	objectVersion = 46;
	objects = {

/* Begin PBXBuildFile section */
		6EB46EE421418972001C65D5 /* TPObfuscatedString_watchOS.h in Headers */ = {isa = PBXBuildFile; fileRef = 6EB46EE221418972001C65D5 /* TPObfuscatedString_watchOS.h */; settings = {ATTRIBUTES = (Public, ); }; };
		6EB46EF12141898F001C65D5 /* TPObfuscatedString_tvOS.h in Headers */ = {isa = PBXBuildFile; fileRef = 6EB46EEF2141898F001C65D5 /* TPObfuscatedString_tvOS.h */; settings = {ATTRIBUTES = (Public, ); }; };
		6EB46EFE2141899F001C65D5 /* TPObfuscatedString_macOS.h in Headers */ = {isa = PBXBuildFile; fileRef = 6EB46EFC2141899F001C65D5 /* TPObfuscatedString_macOS.h */; settings = {ATTRIBUTES = (Public, ); }; };
		6EB46F02214189BC001C65D5 /* TPObfuscatedString.swift in Sources */ = {isa = PBXBuildFile; fileRef = D4DB29651B8F00FA00E6E8D4 /* TPObfuscatedString.swift */; };
		6EB46F03214189BC001C65D5 /* TPObfuscatedString.swift in Sources */ = {isa = PBXBuildFile; fileRef = D4DB29651B8F00FA00E6E8D4 /* TPObfuscatedString.swift */; };
		6EB46F04214189BD001C65D5 /* TPObfuscatedString.swift in Sources */ = {isa = PBXBuildFile; fileRef = D4DB29651B8F00FA00E6E8D4 /* TPObfuscatedString.swift */; };
		D44192951BB5985D006D2A50 /* LICENSE in Resources */ = {isa = PBXBuildFile; fileRef = D44192921BB5985D006D2A50 /* LICENSE */; };
		D44192971BB5985D006D2A50 /* TPObfuscatedString.podspec in Resources */ = {isa = PBXBuildFile; fileRef = D44192941BB5985D006D2A50 /* TPObfuscatedString.podspec */; };
		D4DB29661B8F00FA00E6E8D4 /* TPObfuscatedString.swift in Sources */ = {isa = PBXBuildFile; fileRef = D4DB29651B8F00FA00E6E8D4 /* TPObfuscatedString.swift */; };
		D4DB29741B8F017D00E6E8D4 /* TPObfuscatedStringTests.swift in Sources */ = {isa = PBXBuildFile; fileRef = D4DB29731B8F017D00E6E8D4 /* TPObfuscatedStringTests.swift */; };
		D4DB29751B8F017D00E6E8D4 /* TPObfuscatedString.framework in Frameworks */ = {isa = PBXBuildFile; fileRef = D4DB29451B8EFE0900E6E8D4 /* TPObfuscatedString.framework */; };
		D4DB297D1B8F069D00E6E8D4 /* TPObfuscatedStringConverter.swift in Sources */ = {isa = PBXBuildFile; fileRef = D4DB297B1B8F048000E6E8D4 /* TPObfuscatedStringConverter.swift */; };
		D4DB297E1B8F06A000E6E8D4 /* TPObfuscatedString.swift in Sources */ = {isa = PBXBuildFile; fileRef = D4DB29651B8F00FA00E6E8D4 /* TPObfuscatedString.swift */; };
/* End PBXBuildFile section */

/* Begin PBXContainerItemProxy section */
		D4DB29761B8F017D00E6E8D4 /* PBXContainerItemProxy */ = {
			isa = PBXContainerItemProxy;
			containerPortal = D4DB293C1B8EFE0900E6E8D4 /* Project object */;
			proxyType = 1;
			remoteGlobalIDString = D4DB29441B8EFE0900E6E8D4;
			remoteInfo = TPObfuscatedString;
		};
/* End PBXContainerItemProxy section */

/* Begin PBXFileReference section */
		6EB46EE021418971001C65D5 /* TPObfuscatedString.framework */ = {isa = PBXFileReference; explicitFileType = wrapper.framework; includeInIndex = 0; path = TPObfuscatedString.framework; sourceTree = BUILT_PRODUCTS_DIR; };
		6EB46EE221418972001C65D5 /* TPObfuscatedString_watchOS.h */ = {isa = PBXFileReference; lastKnownFileType = sourcecode.c.h; path = TPObfuscatedString_watchOS.h; sourceTree = "<group>"; };
		6EB46EE321418972001C65D5 /* Info.plist */ = {isa = PBXFileReference; lastKnownFileType = text.plist.xml; path = Info.plist; sourceTree = "<group>"; };
		6EB46EED2141898E001C65D5 /* TPObfuscatedString.framework */ = {isa = PBXFileReference; explicitFileType = wrapper.framework; includeInIndex = 0; path = TPObfuscatedString.framework; sourceTree = BUILT_PRODUCTS_DIR; };
		6EB46EEF2141898F001C65D5 /* TPObfuscatedString_tvOS.h */ = {isa = PBXFileReference; lastKnownFileType = sourcecode.c.h; path = TPObfuscatedString_tvOS.h; sourceTree = "<group>"; };
		6EB46EF02141898F001C65D5 /* Info.plist */ = {isa = PBXFileReference; lastKnownFileType = text.plist.xml; path = Info.plist; sourceTree = "<group>"; };
		6EB46EFA2141899F001C65D5 /* TPObfuscatedString.framework */ = {isa = PBXFileReference; explicitFileType = wrapper.framework; includeInIndex = 0; path = TPObfuscatedString.framework; sourceTree = BUILT_PRODUCTS_DIR; };
		6EB46EFC2141899F001C65D5 /* TPObfuscatedString_macOS.h */ = {isa = PBXFileReference; lastKnownFileType = sourcecode.c.h; path = TPObfuscatedString_macOS.h; sourceTree = "<group>"; };
		6EB46EFD2141899F001C65D5 /* Info.plist */ = {isa = PBXFileReference; lastKnownFileType = text.plist.xml; path = Info.plist; sourceTree = "<group>"; };
		D44192921BB5985D006D2A50 /* LICENSE */ = {isa = PBXFileReference; fileEncoding = 4; lastKnownFileType = text; path = LICENSE; sourceTree = "<group>"; };
		D44192931BB5985D006D2A50 /* README.md */ = {isa = PBXFileReference; fileEncoding = 4; lastKnownFileType = net.daringfireball.markdown; path = README.md; sourceTree = "<group>"; };
		D44192941BB5985D006D2A50 /* TPObfuscatedString.podspec */ = {isa = PBXFileReference; fileEncoding = 4; lastKnownFileType = text; path = TPObfuscatedString.podspec; sourceTree = "<group>"; };
		D4DB29451B8EFE0900E6E8D4 /* TPObfuscatedString.framework */ = {isa = PBXFileReference; explicitFileType = wrapper.framework; includeInIndex = 0; path = TPObfuscatedString.framework; sourceTree = BUILT_PRODUCTS_DIR; };
		D4DB29651B8F00FA00E6E8D4 /* TPObfuscatedString.swift */ = {isa = PBXFileReference; fileEncoding = 4; lastKnownFileType = sourcecode.swift; path = TPObfuscatedString.swift; sourceTree = "<group>"; };
		D4DB29671B8F013800E6E8D4 /* Info.plist */ = {isa = PBXFileReference; fileEncoding = 4; lastKnownFileType = text.plist.xml; path = Info.plist; sourceTree = "<group>"; };
		D4DB296F1B8F017D00E6E8D4 /* TPObfuscatedStringTests.xctest */ = {isa = PBXFileReference; explicitFileType = wrapper.cfbundle; includeInIndex = 0; path = TPObfuscatedStringTests.xctest; sourceTree = BUILT_PRODUCTS_DIR; };
		D4DB29721B8F017D00E6E8D4 /* Info.plist */ = {isa = PBXFileReference; lastKnownFileType = text.plist.xml; path = Info.plist; sourceTree = "<group>"; };
		D4DB29731B8F017D00E6E8D4 /* TPObfuscatedStringTests.swift */ = {isa = PBXFileReference; lastKnownFileType = sourcecode.swift; path = TPObfuscatedStringTests.swift; sourceTree = "<group>"; };
		D4DB297B1B8F048000E6E8D4 /* TPObfuscatedStringConverter.swift */ = {isa = PBXFileReference; fileEncoding = 4; lastKnownFileType = sourcecode.swift; name = TPObfuscatedStringConverter.swift; path = ../Source/TPObfuscatedStringConverter.swift; sourceTree = "<group>"; };
/* End PBXFileReference section */

/* Begin PBXFrameworksBuildPhase section */
		6EB46EDC21418971001C65D5 /* Frameworks */ = {
			isa = PBXFrameworksBuildPhase;
			buildActionMask = 2147483647;
			files = (
			);
			runOnlyForDeploymentPostprocessing = 0;
		};
		6EB46EE92141898E001C65D5 /* Frameworks */ = {
			isa = PBXFrameworksBuildPhase;
			buildActionMask = 2147483647;
			files = (
			);
			runOnlyForDeploymentPostprocessing = 0;
		};
		6EB46EF62141899F001C65D5 /* Frameworks */ = {
			isa = PBXFrameworksBuildPhase;
			buildActionMask = 2147483647;
			files = (
			);
			runOnlyForDeploymentPostprocessing = 0;
		};
		D4DB29411B8EFE0900E6E8D4 /* Frameworks */ = {
			isa = PBXFrameworksBuildPhase;
			buildActionMask = 2147483647;
			files = (
			);
			runOnlyForDeploymentPostprocessing = 0;
		};
		D4DB296C1B8F017D00E6E8D4 /* Frameworks */ = {
			isa = PBXFrameworksBuildPhase;
			buildActionMask = 2147483647;
			files = (
				D4DB29751B8F017D00E6E8D4 /* TPObfuscatedString.framework in Frameworks */,
			);
			runOnlyForDeploymentPostprocessing = 0;
		};
/* End PBXFrameworksBuildPhase section */

/* Begin PBXGroup section */
		6EB46EE121418972001C65D5 /* TPObfuscatedString watchOS */ = {
			isa = PBXGroup;
			children = (
				6EB46EE221418972001C65D5 /* TPObfuscatedString_watchOS.h */,
				6EB46EE321418972001C65D5 /* Info.plist */,
			);
			path = "TPObfuscatedString watchOS";
			sourceTree = "<group>";
		};
		6EB46EEE2141898F001C65D5 /* TPObfuscatedString tvOS */ = {
			isa = PBXGroup;
			children = (
				6EB46EEF2141898F001C65D5 /* TPObfuscatedString_tvOS.h */,
				6EB46EF02141898F001C65D5 /* Info.plist */,
			);
			path = "TPObfuscatedString tvOS";
			sourceTree = "<group>";
		};
		6EB46EFB2141899F001C65D5 /* TPObfuscatedString macOS */ = {
			isa = PBXGroup;
			children = (
				6EB46EFC2141899F001C65D5 /* TPObfuscatedString_macOS.h */,
				6EB46EFD2141899F001C65D5 /* Info.plist */,
			);
			path = "TPObfuscatedString macOS";
			sourceTree = "<group>";
		};
		D44192981BB59861006D2A50 /* Pod */ = {
			isa = PBXGroup;
			children = (
				D44192921BB5985D006D2A50 /* LICENSE */,
				D44192931BB5985D006D2A50 /* README.md */,
				D44192941BB5985D006D2A50 /* TPObfuscatedString.podspec */,
			);
			name = Pod;
			sourceTree = "<group>";
		};
		D4DB293B1B8EFE0900E6E8D4 = {
			isa = PBXGroup;
			children = (
				D44192981BB59861006D2A50 /* Pod */,
				D4DB29611B8F00A500E6E8D4 /* Source */,
				D4DB29701B8F017D00E6E8D4 /* TPObfuscatedStringTests */,
				6EB46EE121418972001C65D5 /* TPObfuscatedString watchOS */,
				6EB46EEE2141898F001C65D5 /* TPObfuscatedString tvOS */,
				6EB46EFB2141899F001C65D5 /* TPObfuscatedString macOS */,
				D4DB29461B8EFE0900E6E8D4 /* Products */,
			);
			sourceTree = "<group>";
		};
		D4DB29461B8EFE0900E6E8D4 /* Products */ = {
			isa = PBXGroup;
			children = (
				D4DB29451B8EFE0900E6E8D4 /* TPObfuscatedString.framework */,
				D4DB296F1B8F017D00E6E8D4 /* TPObfuscatedStringTests.xctest */,
				6EB46EE021418971001C65D5 /* TPObfuscatedString.framework */,
				6EB46EED2141898E001C65D5 /* TPObfuscatedString.framework */,
				6EB46EFA2141899F001C65D5 /* TPObfuscatedString.framework */,
			);
			name = Products;
			sourceTree = "<group>";
		};
		D4DB29611B8F00A500E6E8D4 /* Source */ = {
			isa = PBXGroup;
			children = (
				D4DB29691B8F014200E6E8D4 /* Supporting Files */,
				D4DB29651B8F00FA00E6E8D4 /* TPObfuscatedString.swift */,
			);
			path = Source;
			sourceTree = "<group>";
		};
		D4DB29691B8F014200E6E8D4 /* Supporting Files */ = {
			isa = PBXGroup;
			children = (
				D4DB29671B8F013800E6E8D4 /* Info.plist */,
			);
			name = "Supporting Files";
			sourceTree = "<group>";
		};
		D4DB29701B8F017D00E6E8D4 /* TPObfuscatedStringTests */ = {
			isa = PBXGroup;
			children = (
				D4DB297B1B8F048000E6E8D4 /* TPObfuscatedStringConverter.swift */,
				D4DB29731B8F017D00E6E8D4 /* TPObfuscatedStringTests.swift */,
				D4DB29711B8F017D00E6E8D4 /* Supporting Files */,
			);
			path = TPObfuscatedStringTests;
			sourceTree = "<group>";
		};
		D4DB29711B8F017D00E6E8D4 /* Supporting Files */ = {
			isa = PBXGroup;
			children = (
				D4DB29721B8F017D00E6E8D4 /* Info.plist */,
			);
			name = "Supporting Files";
			sourceTree = "<group>";
		};
/* End PBXGroup section */

/* Begin PBXHeadersBuildPhase section */
		6EB46EDD21418971001C65D5 /* Headers */ = {
			isa = PBXHeadersBuildPhase;
			buildActionMask = 2147483647;
			files = (
				6EB46EE421418972001C65D5 /* TPObfuscatedString_watchOS.h in Headers */,
			);
			runOnlyForDeploymentPostprocessing = 0;
		};
		6EB46EEA2141898E001C65D5 /* Headers */ = {
			isa = PBXHeadersBuildPhase;
			buildActionMask = 2147483647;
			files = (
				6EB46EF12141898F001C65D5 /* TPObfuscatedString_tvOS.h in Headers */,
			);
			runOnlyForDeploymentPostprocessing = 0;
		};
		6EB46EF72141899F001C65D5 /* Headers */ = {
			isa = PBXHeadersBuildPhase;
			buildActionMask = 2147483647;
			files = (
				6EB46EFE2141899F001C65D5 /* TPObfuscatedString_macOS.h in Headers */,
			);
			runOnlyForDeploymentPostprocessing = 0;
		};
		D4DB29421B8EFE0900E6E8D4 /* Headers */ = {
			isa = PBXHeadersBuildPhase;
			buildActionMask = 2147483647;
			files = (
			);
			runOnlyForDeploymentPostprocessing = 0;
		};
/* End PBXHeadersBuildPhase section */

/* Begin PBXNativeTarget section */
		6EB46EDF21418971001C65D5 /* TPObfuscatedString watchOS */ = {
			isa = PBXNativeTarget;
			buildConfigurationList = 6EB46EE721418972001C65D5 /* Build configuration list for PBXNativeTarget "TPObfuscatedString watchOS" */;
			buildPhases = (
				6EB46EDB21418971001C65D5 /* Sources */,
				6EB46EDC21418971001C65D5 /* Frameworks */,
				6EB46EDD21418971001C65D5 /* Headers */,
				6EB46EDE21418971001C65D5 /* Resources */,
			);
			buildRules = (
			);
			dependencies = (
			);
			name = "TPObfuscatedString watchOS";
			productName = "TPObfuscatedString watchOS";
			productReference = 6EB46EE021418971001C65D5 /* TPObfuscatedString.framework */;
			productType = "com.apple.product-type.framework";
		};
		6EB46EEC2141898E001C65D5 /* TPObfuscatedString tvOS */ = {
			isa = PBXNativeTarget;
			buildConfigurationList = 6EB46EF22141898F001C65D5 /* Build configuration list for PBXNativeTarget "TPObfuscatedString tvOS" */;
			buildPhases = (
				6EB46EE82141898E001C65D5 /* Sources */,
				6EB46EE92141898E001C65D5 /* Frameworks */,
				6EB46EEA2141898E001C65D5 /* Headers */,
				6EB46EEB2141898E001C65D5 /* Resources */,
			);
			buildRules = (
			);
			dependencies = (
			);
			name = "TPObfuscatedString tvOS";
			productName = "TPObfuscatedString tvOS";
			productReference = 6EB46EED2141898E001C65D5 /* TPObfuscatedString.framework */;
			productType = "com.apple.product-type.framework";
		};
		6EB46EF92141899F001C65D5 /* TPObfuscatedString macOS */ = {
			isa = PBXNativeTarget;
			buildConfigurationList = 6EB46EFF2141899F001C65D5 /* Build configuration list for PBXNativeTarget "TPObfuscatedString macOS" */;
			buildPhases = (
				6EB46EF52141899F001C65D5 /* Sources */,
				6EB46EF62141899F001C65D5 /* Frameworks */,
				6EB46EF72141899F001C65D5 /* Headers */,
				6EB46EF82141899F001C65D5 /* Resources */,
			);
			buildRules = (
			);
			dependencies = (
			);
			name = "TPObfuscatedString macOS";
			productName = "TPObfuscatedString macOS";
			productReference = 6EB46EFA2141899F001C65D5 /* TPObfuscatedString.framework */;
			productType = "com.apple.product-type.framework";
		};
		D4DB29441B8EFE0900E6E8D4 /* TPObfuscatedString */ = {
			isa = PBXNativeTarget;
			buildConfigurationList = D4DB295B1B8EFE0900E6E8D4 /* Build configuration list for PBXNativeTarget "TPObfuscatedString" */;
			buildPhases = (
				D4DB29401B8EFE0900E6E8D4 /* Sources */,
				D4DB29411B8EFE0900E6E8D4 /* Frameworks */,
				D4DB29421B8EFE0900E6E8D4 /* Headers */,
				D4DB29431B8EFE0900E6E8D4 /* Resources */,
			);
			buildRules = (
			);
			dependencies = (
			);
			name = TPObfuscatedString;
			productName = TPObfuscatedString;
			productReference = D4DB29451B8EFE0900E6E8D4 /* TPObfuscatedString.framework */;
			productType = "com.apple.product-type.framework";
		};
		D4DB296E1B8F017D00E6E8D4 /* TPObfuscatedStringTests */ = {
			isa = PBXNativeTarget;
			buildConfigurationList = D4DB29781B8F017D00E6E8D4 /* Build configuration list for PBXNativeTarget "TPObfuscatedStringTests" */;
			buildPhases = (
				D4DB296B1B8F017D00E6E8D4 /* Sources */,
				D4DB296C1B8F017D00E6E8D4 /* Frameworks */,
				D4DB296D1B8F017D00E6E8D4 /* Resources */,
			);
			buildRules = (
			);
			dependencies = (
				D4DB29771B8F017D00E6E8D4 /* PBXTargetDependency */,
			);
			name = TPObfuscatedStringTests;
			productName = TPObfuscatedStringTests;
			productReference = D4DB296F1B8F017D00E6E8D4 /* TPObfuscatedStringTests.xctest */;
			productType = "com.apple.product-type.bundle.unit-test";
		};
/* End PBXNativeTarget section */

/* Begin PBXProject section */
		D4DB293C1B8EFE0900E6E8D4 /* Project object */ = {
			isa = PBXProject;
			attributes = {
				LastSwiftUpdateCheck = 0700;
				LastUpgradeCheck = 0940;
				ORGANIZATIONNAME = "Philip Niedertscheider";
				TargetAttributes = {
					6EB46EDF21418971001C65D5 = {
						CreatedOnToolsVersion = 9.4.1;
						ProvisioningStyle = Manual;
					};
					6EB46EEC2141898E001C65D5 = {
						CreatedOnToolsVersion = 9.4.1;
						ProvisioningStyle = Manual;
					};
					6EB46EF92141899F001C65D5 = {
						CreatedOnToolsVersion = 9.4.1;
						ProvisioningStyle = Manual;
					};
					D4DB29441B8EFE0900E6E8D4 = {
						CreatedOnToolsVersion = 6.4;
					};
					D4DB296E1B8F017D00E6E8D4 = {
						CreatedOnToolsVersion = 6.4;
					};
				};
			};
			buildConfigurationList = D4DB293F1B8EFE0900E6E8D4 /* Build configuration list for PBXProject "TPObfuscatedString" */;
			compatibilityVersion = "Xcode 3.2";
			developmentRegion = English;
			hasScannedForEncodings = 0;
			knownRegions = (
				en,
			);
			mainGroup = D4DB293B1B8EFE0900E6E8D4;
			productRefGroup = D4DB29461B8EFE0900E6E8D4 /* Products */;
			projectDirPath = "";
			projectRoot = "";
			targets = (
				D4DB29441B8EFE0900E6E8D4 /* TPObfuscatedString */,
				D4DB296E1B8F017D00E6E8D4 /* TPObfuscatedStringTests */,
				6EB46EDF21418971001C65D5 /* TPObfuscatedString watchOS */,
				6EB46EEC2141898E001C65D5 /* TPObfuscatedString tvOS */,
				6EB46EF92141899F001C65D5 /* TPObfuscatedString macOS */,
			);
		};
/* End PBXProject section */

/* Begin PBXResourcesBuildPhase section */
		6EB46EDE21418971001C65D5 /* Resources */ = {
			isa = PBXResourcesBuildPhase;
			buildActionMask = 2147483647;
			files = (
			);
			runOnlyForDeploymentPostprocessing = 0;
		};
		6EB46EEB2141898E001C65D5 /* Resources */ = {
			isa = PBXResourcesBuildPhase;
			buildActionMask = 2147483647;
			files = (
			);
			runOnlyForDeploymentPostprocessing = 0;
		};
		6EB46EF82141899F001C65D5 /* Resources */ = {
			isa = PBXResourcesBuildPhase;
			buildActionMask = 2147483647;
			files = (
			);
			runOnlyForDeploymentPostprocessing = 0;
		};
		D4DB29431B8EFE0900E6E8D4 /* Resources */ = {
			isa = PBXResourcesBuildPhase;
			buildActionMask = 2147483647;
			files = (
				D44192951BB5985D006D2A50 /* LICENSE in Resources */,
				D44192971BB5985D006D2A50 /* TPObfuscatedString.podspec in Resources */,
			);
			runOnlyForDeploymentPostprocessing = 0;
		};
		D4DB296D1B8F017D00E6E8D4 /* Resources */ = {
			isa = PBXResourcesBuildPhase;
			buildActionMask = 2147483647;
			files = (
			);
			runOnlyForDeploymentPostprocessing = 0;
		};
/* End PBXResourcesBuildPhase section */

/* Begin PBXSourcesBuildPhase section */
		6EB46EDB21418971001C65D5 /* Sources */ = {
			isa = PBXSourcesBuildPhase;
			buildActionMask = 2147483647;
			files = (
				6EB46F02214189BC001C65D5 /* TPObfuscatedString.swift in Sources */,
			);
			runOnlyForDeploymentPostprocessing = 0;
		};
		6EB46EE82141898E001C65D5 /* Sources */ = {
			isa = PBXSourcesBuildPhase;
			buildActionMask = 2147483647;
			files = (
				6EB46F03214189BC001C65D5 /* TPObfuscatedString.swift in Sources */,
			);
			runOnlyForDeploymentPostprocessing = 0;
		};
		6EB46EF52141899F001C65D5 /* Sources */ = {
			isa = PBXSourcesBuildPhase;
			buildActionMask = 2147483647;
			files = (
				6EB46F04214189BD001C65D5 /* TPObfuscatedString.swift in Sources */,
			);
			runOnlyForDeploymentPostprocessing = 0;
		};
		D4DB29401B8EFE0900E6E8D4 /* Sources */ = {
			isa = PBXSourcesBuildPhase;
			buildActionMask = 2147483647;
			files = (
				D4DB29661B8F00FA00E6E8D4 /* TPObfuscatedString.swift in Sources */,
			);
			runOnlyForDeploymentPostprocessing = 0;
		};
		D4DB296B1B8F017D00E6E8D4 /* Sources */ = {
			isa = PBXSourcesBuildPhase;
			buildActionMask = 2147483647;
			files = (
				D4DB297E1B8F06A000E6E8D4 /* TPObfuscatedString.swift in Sources */,
				D4DB297D1B8F069D00E6E8D4 /* TPObfuscatedStringConverter.swift in Sources */,
				D4DB29741B8F017D00E6E8D4 /* TPObfuscatedStringTests.swift in Sources */,
			);
			runOnlyForDeploymentPostprocessing = 0;
		};
/* End PBXSourcesBuildPhase section */

/* Begin PBXTargetDependency section */
		D4DB29771B8F017D00E6E8D4 /* PBXTargetDependency */ = {
			isa = PBXTargetDependency;
			target = D4DB29441B8EFE0900E6E8D4 /* TPObfuscatedString */;
			targetProxy = D4DB29761B8F017D00E6E8D4 /* PBXContainerItemProxy */;
		};
/* End PBXTargetDependency section */

/* Begin XCBuildConfiguration section */
		6EB46EE521418972001C65D5 /* Debug */ = {
			isa = XCBuildConfiguration;
			buildSettings = {
				APPLICATION_EXTENSION_API_ONLY = YES;
				CLANG_ANALYZER_NONNULL = YES;
				CLANG_ANALYZER_NUMBER_OBJECT_CONVERSION = YES_AGGRESSIVE;
				CLANG_CXX_LANGUAGE_STANDARD = "gnu++14";
				CLANG_ENABLE_OBJC_WEAK = YES;
				CLANG_WARN_DOCUMENTATION_COMMENTS = YES;
				CLANG_WARN_UNGUARDED_AVAILABILITY = YES_AGGRESSIVE;
				CODE_SIGN_IDENTITY = "";
				CODE_SIGN_STYLE = Manual;
				DEBUG_INFORMATION_FORMAT = dwarf;
				DEFINES_MODULE = YES;
				DEVELOPMENT_TEAM = "";
				DYLIB_COMPATIBILITY_VERSION = 1;
				DYLIB_CURRENT_VERSION = 1;
				DYLIB_INSTALL_NAME_BASE = "@rpath";
				GCC_C_LANGUAGE_STANDARD = gnu11;
				INFOPLIST_FILE = "TPObfuscatedString watchOS/Info.plist";
				INSTALL_PATH = "$(LOCAL_LIBRARY_DIR)/Frameworks";
				LD_RUNPATH_SEARCH_PATHS = "$(inherited) @executable_path/Frameworks @loader_path/Frameworks";
				PRODUCT_BUNDLE_IDENTIFIER = "dkp.TPObfuscatedString-watchOS";
				PRODUCT_NAME = TPObfuscatedString;
				PROVISIONING_PROFILE_SPECIFIER = "";
				SDKROOT = watchos;
				SKIP_INSTALL = YES;
				SWIFT_ACTIVE_COMPILATION_CONDITIONS = DEBUG;
				SWIFT_VERSION = 4.0;
				TARGETED_DEVICE_FAMILY = 4;
				WATCHOS_DEPLOYMENT_TARGET = 4.3;
			};
			name = Debug;
		};
		6EB46EE621418972001C65D5 /* Release */ = {
			isa = XCBuildConfiguration;
			buildSettings = {
				APPLICATION_EXTENSION_API_ONLY = YES;
				CLANG_ANALYZER_NONNULL = YES;
				CLANG_ANALYZER_NUMBER_OBJECT_CONVERSION = YES_AGGRESSIVE;
				CLANG_CXX_LANGUAGE_STANDARD = "gnu++14";
				CLANG_ENABLE_OBJC_WEAK = YES;
				CLANG_WARN_DOCUMENTATION_COMMENTS = YES;
				CLANG_WARN_UNGUARDED_AVAILABILITY = YES_AGGRESSIVE;
				CODE_SIGN_IDENTITY = "";
				CODE_SIGN_STYLE = Manual;
				DEFINES_MODULE = YES;
				DEVELOPMENT_TEAM = "";
				DYLIB_COMPATIBILITY_VERSION = 1;
				DYLIB_CURRENT_VERSION = 1;
				DYLIB_INSTALL_NAME_BASE = "@rpath";
				GCC_C_LANGUAGE_STANDARD = gnu11;
				INFOPLIST_FILE = "TPObfuscatedString watchOS/Info.plist";
				INSTALL_PATH = "$(LOCAL_LIBRARY_DIR)/Frameworks";
				LD_RUNPATH_SEARCH_PATHS = "$(inherited) @executable_path/Frameworks @loader_path/Frameworks";
				PRODUCT_BUNDLE_IDENTIFIER = "dkp.TPObfuscatedString-watchOS";
				PRODUCT_NAME = TPObfuscatedString;
				PROVISIONING_PROFILE_SPECIFIER = "";
				SDKROOT = watchos;
				SKIP_INSTALL = YES;
				SWIFT_OPTIMIZATION_LEVEL = "-O";
				SWIFT_VERSION = 4.0;
				TARGETED_DEVICE_FAMILY = 4;
				WATCHOS_DEPLOYMENT_TARGET = 4.3;
			};
			name = Release;
		};
		6EB46EF32141898F001C65D5 /* Debug */ = {
			isa = XCBuildConfiguration;
			buildSettings = {
				CLANG_ANALYZER_NONNULL = YES;
				CLANG_ANALYZER_NUMBER_OBJECT_CONVERSION = YES_AGGRESSIVE;
				CLANG_CXX_LANGUAGE_STANDARD = "gnu++14";
				CLANG_ENABLE_OBJC_WEAK = YES;
				CLANG_WARN_DOCUMENTATION_COMMENTS = YES;
				CLANG_WARN_UNGUARDED_AVAILABILITY = YES_AGGRESSIVE;
				CODE_SIGN_IDENTITY = "";
				CODE_SIGN_STYLE = Manual;
				DEBUG_INFORMATION_FORMAT = dwarf;
				DEFINES_MODULE = YES;
				DEVELOPMENT_TEAM = "";
				DYLIB_COMPATIBILITY_VERSION = 1;
				DYLIB_CURRENT_VERSION = 1;
				DYLIB_INSTALL_NAME_BASE = "@rpath";
				GCC_C_LANGUAGE_STANDARD = gnu11;
				INFOPLIST_FILE = "TPObfuscatedString tvOS/Info.plist";
				INSTALL_PATH = "$(LOCAL_LIBRARY_DIR)/Frameworks";
				LD_RUNPATH_SEARCH_PATHS = "$(inherited) @executable_path/Frameworks @loader_path/Frameworks";
				PRODUCT_BUNDLE_IDENTIFIER = "dkp.TPObfuscatedString-tvOS";
				PRODUCT_NAME = TPObfuscatedString;
				PROVISIONING_PROFILE_SPECIFIER = "";
				SDKROOT = appletvos;
				SKIP_INSTALL = YES;
				SWIFT_ACTIVE_COMPILATION_CONDITIONS = DEBUG;
				SWIFT_VERSION = 4.0;
				TARGETED_DEVICE_FAMILY = 3;
				TVOS_DEPLOYMENT_TARGET = 11.4;
			};
			name = Debug;
		};
		6EB46EF42141898F001C65D5 /* Release */ = {
			isa = XCBuildConfiguration;
			buildSettings = {
				CLANG_ANALYZER_NONNULL = YES;
				CLANG_ANALYZER_NUMBER_OBJECT_CONVERSION = YES_AGGRESSIVE;
				CLANG_CXX_LANGUAGE_STANDARD = "gnu++14";
				CLANG_ENABLE_OBJC_WEAK = YES;
				CLANG_WARN_DOCUMENTATION_COMMENTS = YES;
				CLANG_WARN_UNGUARDED_AVAILABILITY = YES_AGGRESSIVE;
				CODE_SIGN_IDENTITY = "";
				CODE_SIGN_STYLE = Manual;
				DEFINES_MODULE = YES;
				DEVELOPMENT_TEAM = "";
				DYLIB_COMPATIBILITY_VERSION = 1;
				DYLIB_CURRENT_VERSION = 1;
				DYLIB_INSTALL_NAME_BASE = "@rpath";
				GCC_C_LANGUAGE_STANDARD = gnu11;
				INFOPLIST_FILE = "TPObfuscatedString tvOS/Info.plist";
				INSTALL_PATH = "$(LOCAL_LIBRARY_DIR)/Frameworks";
				LD_RUNPATH_SEARCH_PATHS = "$(inherited) @executable_path/Frameworks @loader_path/Frameworks";
				PRODUCT_BUNDLE_IDENTIFIER = "dkp.TPObfuscatedString-tvOS";
				PRODUCT_NAME = TPObfuscatedString;
				PROVISIONING_PROFILE_SPECIFIER = "";
				SDKROOT = appletvos;
				SKIP_INSTALL = YES;
				SWIFT_OPTIMIZATION_LEVEL = "-O";
				SWIFT_VERSION = 4.0;
				TARGETED_DEVICE_FAMILY = 3;
				TVOS_DEPLOYMENT_TARGET = 11.4;
			};
			name = Release;
		};
		6EB46F002141899F001C65D5 /* Debug */ = {
			isa = XCBuildConfiguration;
			buildSettings = {
				CLANG_ANALYZER_NONNULL = YES;
				CLANG_ANALYZER_NUMBER_OBJECT_CONVERSION = YES_AGGRESSIVE;
				CLANG_CXX_LANGUAGE_STANDARD = "gnu++14";
				CLANG_ENABLE_OBJC_WEAK = YES;
				CLANG_WARN_DOCUMENTATION_COMMENTS = YES;
				CLANG_WARN_UNGUARDED_AVAILABILITY = YES_AGGRESSIVE;
				CODE_SIGN_IDENTITY = "-";
				CODE_SIGN_STYLE = Manual;
				COMBINE_HIDPI_IMAGES = YES;
				DEBUG_INFORMATION_FORMAT = dwarf;
				DEFINES_MODULE = YES;
				DEVELOPMENT_TEAM = "";
				DYLIB_COMPATIBILITY_VERSION = 1;
				DYLIB_CURRENT_VERSION = 1;
				DYLIB_INSTALL_NAME_BASE = "@rpath";
				FRAMEWORK_VERSION = A;
				GCC_C_LANGUAGE_STANDARD = gnu11;
				INFOPLIST_FILE = "TPObfuscatedString macOS/Info.plist";
				INSTALL_PATH = "$(LOCAL_LIBRARY_DIR)/Frameworks";
				LD_RUNPATH_SEARCH_PATHS = "$(inherited) @executable_path/../Frameworks @loader_path/Frameworks";
				MACOSX_DEPLOYMENT_TARGET = 10.13;
				PRODUCT_BUNDLE_IDENTIFIER = "dkp.TPObfuscatedString-macOS";
				PRODUCT_NAME = TPObfuscatedString;
				PROVISIONING_PROFILE_SPECIFIER = "";
				SDKROOT = macosx;
				SKIP_INSTALL = YES;
				SWIFT_ACTIVE_COMPILATION_CONDITIONS = DEBUG;
				SWIFT_VERSION = 4.0;
			};
			name = Debug;
		};
		6EB46F012141899F001C65D5 /* Release */ = {
			isa = XCBuildConfiguration;
			buildSettings = {
				CLANG_ANALYZER_NONNULL = YES;
				CLANG_ANALYZER_NUMBER_OBJECT_CONVERSION = YES_AGGRESSIVE;
				CLANG_CXX_LANGUAGE_STANDARD = "gnu++14";
				CLANG_ENABLE_OBJC_WEAK = YES;
				CLANG_WARN_DOCUMENTATION_COMMENTS = YES;
				CLANG_WARN_UNGUARDED_AVAILABILITY = YES_AGGRESSIVE;
				CODE_SIGN_IDENTITY = "-";
				CODE_SIGN_STYLE = Manual;
				COMBINE_HIDPI_IMAGES = YES;
				DEFINES_MODULE = YES;
				DEVELOPMENT_TEAM = "";
				DYLIB_COMPATIBILITY_VERSION = 1;
				DYLIB_CURRENT_VERSION = 1;
				DYLIB_INSTALL_NAME_BASE = "@rpath";
				FRAMEWORK_VERSION = A;
				GCC_C_LANGUAGE_STANDARD = gnu11;
				INFOPLIST_FILE = "TPObfuscatedString macOS/Info.plist";
				INSTALL_PATH = "$(LOCAL_LIBRARY_DIR)/Frameworks";
				LD_RUNPATH_SEARCH_PATHS = "$(inherited) @executable_path/../Frameworks @loader_path/Frameworks";
				MACOSX_DEPLOYMENT_TARGET = 10.13;
				PRODUCT_BUNDLE_IDENTIFIER = "dkp.TPObfuscatedString-macOS";
				PRODUCT_NAME = TPObfuscatedString;
				PROVISIONING_PROFILE_SPECIFIER = "";
				SDKROOT = macosx;
				SKIP_INSTALL = YES;
				SWIFT_OPTIMIZATION_LEVEL = "-O";
				SWIFT_VERSION = 4.0;
			};
			name = Release;
		};
		D4DB29591B8EFE0900E6E8D4 /* Debug */ = {
			isa = XCBuildConfiguration;
			buildSettings = {
				ALWAYS_SEARCH_USER_PATHS = NO;
				CLANG_CXX_LANGUAGE_STANDARD = "gnu++0x";
				CLANG_CXX_LIBRARY = "libc++";
				CLANG_ENABLE_MODULES = YES;
				CLANG_ENABLE_OBJC_ARC = YES;
				CLANG_WARN_BLOCK_CAPTURE_AUTORELEASING = YES;
				CLANG_WARN_BOOL_CONVERSION = YES;
				CLANG_WARN_COMMA = YES;
				CLANG_WARN_CONSTANT_CONVERSION = YES;
				CLANG_WARN_DEPRECATED_OBJC_IMPLEMENTATIONS = YES;
				CLANG_WARN_DIRECT_OBJC_ISA_USAGE = YES_ERROR;
				CLANG_WARN_EMPTY_BODY = YES;
				CLANG_WARN_ENUM_CONVERSION = YES;
				CLANG_WARN_INFINITE_RECURSION = YES;
				CLANG_WARN_INT_CONVERSION = YES;
				CLANG_WARN_NON_LITERAL_NULL_CONVERSION = YES;
				CLANG_WARN_OBJC_IMPLICIT_RETAIN_SELF = YES;
				CLANG_WARN_OBJC_LITERAL_CONVERSION = YES;
				CLANG_WARN_OBJC_ROOT_CLASS = YES_ERROR;
				CLANG_WARN_RANGE_LOOP_ANALYSIS = YES;
				CLANG_WARN_STRICT_PROTOTYPES = YES;
				CLANG_WARN_SUSPICIOUS_MOVE = YES;
				CLANG_WARN_UNREACHABLE_CODE = YES;
				CLANG_WARN__DUPLICATE_METHOD_MATCH = YES;
				"CODE_SIGN_IDENTITY[sdk=iphoneos*]" = "iPhone Developer";
				COPY_PHASE_STRIP = NO;
				CURRENT_PROJECT_VERSION = 1;
				DEBUG_INFORMATION_FORMAT = "dwarf-with-dsym";
				ENABLE_STRICT_OBJC_MSGSEND = YES;
				ENABLE_TESTABILITY = YES;
				GCC_C_LANGUAGE_STANDARD = gnu99;
				GCC_DYNAMIC_NO_PIC = NO;
				GCC_NO_COMMON_BLOCKS = YES;
				GCC_OPTIMIZATION_LEVEL = 0;
				GCC_PREPROCESSOR_DEFINITIONS = (
					"DEBUG=1",
					"$(inherited)",
				);
				GCC_SYMBOLS_PRIVATE_EXTERN = NO;
				GCC_WARN_64_TO_32_BIT_CONVERSION = YES;
				GCC_WARN_ABOUT_RETURN_TYPE = YES_ERROR;
				GCC_WARN_UNDECLARED_SELECTOR = YES;
				GCC_WARN_UNINITIALIZED_AUTOS = YES_AGGRESSIVE;
				GCC_WARN_UNUSED_FUNCTION = YES;
				GCC_WARN_UNUSED_VARIABLE = YES;
				IPHONEOS_DEPLOYMENT_TARGET = 8.4;
				MTL_ENABLE_DEBUG_INFO = YES;
				ONLY_ACTIVE_ARCH = YES;
				SDKROOT = iphoneos;
				SWIFT_OPTIMIZATION_LEVEL = "-Onone";
				SWIFT_VERSION = 4.0;
				TARGETED_DEVICE_FAMILY = "1,2";
				VERSIONING_SYSTEM = "apple-generic";
				VERSION_INFO_PREFIX = "";
			};
			name = Debug;
		};
		D4DB295A1B8EFE0900E6E8D4 /* Release */ = {
			isa = XCBuildConfiguration;
			buildSettings = {
				ALWAYS_SEARCH_USER_PATHS = NO;
				CLANG_CXX_LANGUAGE_STANDARD = "gnu++0x";
				CLANG_CXX_LIBRARY = "libc++";
				CLANG_ENABLE_MODULES = YES;
				CLANG_ENABLE_OBJC_ARC = YES;
				CLANG_WARN_BLOCK_CAPTURE_AUTORELEASING = YES;
				CLANG_WARN_BOOL_CONVERSION = YES;
				CLANG_WARN_COMMA = YES;
				CLANG_WARN_CONSTANT_CONVERSION = YES;
				CLANG_WARN_DEPRECATED_OBJC_IMPLEMENTATIONS = YES;
				CLANG_WARN_DIRECT_OBJC_ISA_USAGE = YES_ERROR;
				CLANG_WARN_EMPTY_BODY = YES;
				CLANG_WARN_ENUM_CONVERSION = YES;
				CLANG_WARN_INFINITE_RECURSION = YES;
				CLANG_WARN_INT_CONVERSION = YES;
				CLANG_WARN_NON_LITERAL_NULL_CONVERSION = YES;
				CLANG_WARN_OBJC_IMPLICIT_RETAIN_SELF = YES;
				CLANG_WARN_OBJC_LITERAL_CONVERSION = YES;
				CLANG_WARN_OBJC_ROOT_CLASS = YES_ERROR;
				CLANG_WARN_RANGE_LOOP_ANALYSIS = YES;
				CLANG_WARN_STRICT_PROTOTYPES = YES;
				CLANG_WARN_SUSPICIOUS_MOVE = YES;
				CLANG_WARN_UNREACHABLE_CODE = YES;
				CLANG_WARN__DUPLICATE_METHOD_MATCH = YES;
				"CODE_SIGN_IDENTITY[sdk=iphoneos*]" = "iPhone Developer";
				COPY_PHASE_STRIP = NO;
				CURRENT_PROJECT_VERSION = 1;
				DEBUG_INFORMATION_FORMAT = "dwarf-with-dsym";
				ENABLE_NS_ASSERTIONS = NO;
				ENABLE_STRICT_OBJC_MSGSEND = YES;
				GCC_C_LANGUAGE_STANDARD = gnu99;
				GCC_NO_COMMON_BLOCKS = YES;
				GCC_WARN_64_TO_32_BIT_CONVERSION = YES;
				GCC_WARN_ABOUT_RETURN_TYPE = YES_ERROR;
				GCC_WARN_UNDECLARED_SELECTOR = YES;
				GCC_WARN_UNINITIALIZED_AUTOS = YES_AGGRESSIVE;
				GCC_WARN_UNUSED_FUNCTION = YES;
				GCC_WARN_UNUSED_VARIABLE = YES;
				IPHONEOS_DEPLOYMENT_TARGET = 8.4;
				MTL_ENABLE_DEBUG_INFO = NO;
				SDKROOT = iphoneos;
				SWIFT_COMPILATION_MODE = wholemodule;
				SWIFT_VERSION = 4.0;
				TARGETED_DEVICE_FAMILY = "1,2";
				VALIDATE_PRODUCT = YES;
				VERSIONING_SYSTEM = "apple-generic";
				VERSION_INFO_PREFIX = "";
			};
			name = Release;
		};
		D4DB295C1B8EFE0900E6E8D4 /* Debug */ = {
			isa = XCBuildConfiguration;
			buildSettings = {
				CLANG_ENABLE_MODULES = YES;
				CODE_SIGN_IDENTITY = "";
				DEFINES_MODULE = YES;
				DYLIB_COMPATIBILITY_VERSION = 1;
				DYLIB_CURRENT_VERSION = 1;
				DYLIB_INSTALL_NAME_BASE = "@rpath";
				INFOPLIST_FILE = "$(SRCROOT)/Source/Info.plist";
				INSTALL_PATH = "$(LOCAL_LIBRARY_DIR)/Frameworks";
				LD_RUNPATH_SEARCH_PATHS = "$(inherited) @executable_path/Frameworks @loader_path/Frameworks";
				PRODUCT_BUNDLE_IDENTIFIER = "com.niedertscheider.philip.$(PRODUCT_NAME:rfc1034identifier)";
				PRODUCT_NAME = "$(TARGET_NAME)";
				SKIP_INSTALL = YES;
				SWIFT_OPTIMIZATION_LEVEL = "-Onone";
			};
			name = Debug;
		};
		D4DB295D1B8EFE0900E6E8D4 /* Release */ = {
			isa = XCBuildConfiguration;
			buildSettings = {
				CLANG_ENABLE_MODULES = YES;
				CODE_SIGN_IDENTITY = "";
				DEFINES_MODULE = YES;
				DYLIB_COMPATIBILITY_VERSION = 1;
				DYLIB_CURRENT_VERSION = 1;
				DYLIB_INSTALL_NAME_BASE = "@rpath";
				INFOPLIST_FILE = "$(SRCROOT)/Source/Info.plist";
				INSTALL_PATH = "$(LOCAL_LIBRARY_DIR)/Frameworks";
				LD_RUNPATH_SEARCH_PATHS = "$(inherited) @executable_path/Frameworks @loader_path/Frameworks";
				PRODUCT_BUNDLE_IDENTIFIER = "com.niedertscheider.philip.$(PRODUCT_NAME:rfc1034identifier)";
				PRODUCT_NAME = "$(TARGET_NAME)";
				SKIP_INSTALL = YES;
			};
			name = Release;
		};
		D4DB29791B8F017D00E6E8D4 /* Debug */ = {
			isa = XCBuildConfiguration;
			buildSettings = {
				FRAMEWORK_SEARCH_PATHS = (
					"$(SDKROOT)/Developer/Library/Frameworks",
					"$(inherited)",
				);
				GCC_PREPROCESSOR_DEFINITIONS = (
					"DEBUG=1",
					"$(inherited)",
				);
				INFOPLIST_FILE = TPObfuscatedStringTests/Info.plist;
				LD_RUNPATH_SEARCH_PATHS = "$(inherited) @executable_path/Frameworks @loader_path/Frameworks";
				PRODUCT_BUNDLE_IDENTIFIER = "com.niedertscheider.philip.$(PRODUCT_NAME:rfc1034identifier)";
				PRODUCT_NAME = "$(TARGET_NAME)";
			};
			name = Debug;
		};
		D4DB297A1B8F017D00E6E8D4 /* Release */ = {
			isa = XCBuildConfiguration;
			buildSettings = {
				FRAMEWORK_SEARCH_PATHS = (
					"$(SDKROOT)/Developer/Library/Frameworks",
					"$(inherited)",
				);
				INFOPLIST_FILE = TPObfuscatedStringTests/Info.plist;
				LD_RUNPATH_SEARCH_PATHS = "$(inherited) @executable_path/Frameworks @loader_path/Frameworks";
				PRODUCT_BUNDLE_IDENTIFIER = "com.niedertscheider.philip.$(PRODUCT_NAME:rfc1034identifier)";
				PRODUCT_NAME = "$(TARGET_NAME)";
			};
			name = Release;
		};
/* End XCBuildConfiguration section */

/* Begin XCConfigurationList section */
		6EB46EE721418972001C65D5 /* Build configuration list for PBXNativeTarget "TPObfuscatedString watchOS" */ = {
			isa = XCConfigurationList;
			buildConfigurations = (
				6EB46EE521418972001C65D5 /* Debug */,
				6EB46EE621418972001C65D5 /* Release */,
			);
			defaultConfigurationIsVisible = 0;
			defaultConfigurationName = Release;
		};
		6EB46EF22141898F001C65D5 /* Build configuration list for PBXNativeTarget "TPObfuscatedString tvOS" */ = {
			isa = XCConfigurationList;
			buildConfigurations = (
				6EB46EF32141898F001C65D5 /* Debug */,
				6EB46EF42141898F001C65D5 /* Release */,
			);
			defaultConfigurationIsVisible = 0;
			defaultConfigurationName = Release;
		};
		6EB46EFF2141899F001C65D5 /* Build configuration list for PBXNativeTarget "TPObfuscatedString macOS" */ = {
			isa = XCConfigurationList;
			buildConfigurations = (
				6EB46F002141899F001C65D5 /* Debug */,
				6EB46F012141899F001C65D5 /* Release */,
			);
			defaultConfigurationIsVisible = 0;
			defaultConfigurationName = Release;
		};
		D4DB293F1B8EFE0900E6E8D4 /* Build configuration list for PBXProject "TPObfuscatedString" */ = {
			isa = XCConfigurationList;
			buildConfigurations = (
				D4DB29591B8EFE0900E6E8D4 /* Debug */,
				D4DB295A1B8EFE0900E6E8D4 /* Release */,
			);
			defaultConfigurationIsVisible = 0;
			defaultConfigurationName = Release;
		};
		D4DB295B1B8EFE0900E6E8D4 /* Build configuration list for PBXNativeTarget "TPObfuscatedString" */ = {
			isa = XCConfigurationList;
			buildConfigurations = (
				D4DB295C1B8EFE0900E6E8D4 /* Debug */,
				D4DB295D1B8EFE0900E6E8D4 /* Release */,
			);
			defaultConfigurationIsVisible = 0;
			defaultConfigurationName = Release;
		};
		D4DB29781B8F017D00E6E8D4 /* Build configuration list for PBXNativeTarget "TPObfuscatedStringTests" */ = {
			isa = XCConfigurationList;
			buildConfigurations = (
				D4DB29791B8F017D00E6E8D4 /* Debug */,
				D4DB297A1B8F017D00E6E8D4 /* Release */,
			);
			defaultConfigurationIsVisible = 0;
			defaultConfigurationName = Release;
		};
/* End XCConfigurationList section */
	};
	rootObject = D4DB293C1B8EFE0900E6E8D4 /* Project object */;
}
